
Microsoft Visual Studio Solution File, Format Version 12.00
# Visual Studio Version 16
VisualStudioVersion = 16.0.29123.88
MinimumVisualStudioVersion = 10.0.40219.1
Project("{9092AA53-FB77-4645-B42D-1CCCA6BD08BD}") = "SnB Website", "SnB Website.njsproj", "{C9D31BC2-F6CF-417F-B6FA-D654EF9A2C26}"
EndProject
Global
	GlobalSection(SolutionConfigurationPlatforms) = preSolution
		Debug|Any CPU = Debug|Any CPU
		Release|Any CPU = Release|Any CPU
	EndGlobalSection
	GlobalSection(ProjectConfigurationPlatforms) = postSolution
		{C9D31BC2-F6CF-417F-B6FA-D654EF9A2C26}.Debug|Any CPU.ActiveCfg = Debug|Any CPU
		{C9D31BC2-F6CF-417F-B6FA-D654EF9A2C26}.Debug|Any CPU.Build.0 = Debug|Any CPU
		{C9D31BC2-F6CF-417F-B6FA-D654EF9A2C26}.Release|Any CPU.ActiveCfg = Release|Any CPU
		{C9D31BC2-F6CF-417F-B6FA-D654EF9A2C26}.Release|Any CPU.Build.0 = Release|Any CPU
	EndGlobalSection
	GlobalSection(SolutionProperties) = preSolution
		HideSolutionNode = FALSE
	EndGlobalSection
	GlobalSection(ExtensibilityGlobals) = postSolution
		SolutionGuid = {DF304201-EC3A-416E-AF29-43D03C114EC6}
	EndGlobalSection
EndGlobal
